// !$*UTF8*$!
{
	archiveVersion = 1;
	classes = {
	};
	objectVersion = 51;
	objects = {

/* Begin PBXBuildFile section */
		AA13D2C226B3E305007D4D3D /* WeatherPageViewController.swift in Sources */ = {isa = PBXBuildFile; fileRef = AA13D2C126B3E305007D4D3D /* WeatherPageViewController.swift */; };
		AA1BE54B26BB0AAB00DCA876 /* HoursHeaderView.swift in Sources */ = {isa = PBXBuildFile; fileRef = AA1BE54A26BB0AAB00DCA876 /* HoursHeaderView.swift */; };
		AA1BE55026BB1FCD00DCA876 /* TodayWeatherTableViewCell.swift in Sources */ = {isa = PBXBuildFile; fileRef = AA1BE54F26BB1FCD00DCA876 /* TodayWeatherTableViewCell.swift */; };
		AA1BE55426BB27EE00DCA876 /* SeparatorLineview.swift in Sources */ = {isa = PBXBuildFile; fileRef = AA1BE55326BB27EE00DCA876 /* SeparatorLineview.swift */; };
		AA1BE55B26BB2A3B00DCA876 /* WeatherDetailInfoView.swift in Sources */ = {isa = PBXBuildFile; fileRef = AA1BE55A26BB2A3B00DCA876 /* WeatherDetailInfoView.swift */; };
		AA1BE56226BB5CFF00DCA876 /* Color.xcassets in Resources */ = {isa = PBXBuildFile; fileRef = AA1BE56126BB5CFF00DCA876 /* Color.xcassets */; };
		AA1BE56526BB5D9100DCA876 /* UIColor+Extension.swift in Sources */ = {isa = PBXBuildFile; fileRef = AA1BE56426BB5D9100DCA876 /* UIColor+Extension.swift */; };
		AA1BE56B26BC0E0500DCA876 /* WeatherListViewController.swift in Sources */ = {isa = PBXBuildFile; fileRef = AA1BE56A26BC0E0500DCA876 /* WeatherListViewController.swift */; };
		AA1BE57326BC1ECC00DCA876 /* WeatherListTableViewCell.swift in Sources */ = {isa = PBXBuildFile; fileRef = AA1BE57226BC1ECC00DCA876 /* WeatherListTableViewCell.swift */; };
		AA1BE57726BC364400DCA876 /* WeatherListFooterView.swift in Sources */ = {isa = PBXBuildFile; fileRef = AA1BE57626BC364400DCA876 /* WeatherListFooterView.swift */; };
		AA1BE57B26BC3FB400DCA876 /* LoctaionDelegate.swift in Sources */ = {isa = PBXBuildFile; fileRef = AA1BE57A26BC3FB400DCA876 /* LoctaionDelegate.swift */; };
		AA1BE58326BCC91C00DCA876 /* FooterButtonDelegate.swift in Sources */ = {isa = PBXBuildFile; fileRef = AA1BE58226BCC91C00DCA876 /* FooterButtonDelegate.swift */; };
		AA1BE58826BD4E2400DCA876 /* SearchViewController.swift in Sources */ = {isa = PBXBuildFile; fileRef = AA1BE58726BD4E2400DCA876 /* SearchViewController.swift */; };
		AA1BE58C26BD58B400DCA876 /* SearchResultTableViewCell.swift in Sources */ = {isa = PBXBuildFile; fileRef = AA1BE58B26BD58B400DCA876 /* SearchResultTableViewCell.swift */; };
		AA4C3AD126B1C0D100D47CBA /* UIView+Extension.swift in Sources */ = {isa = PBXBuildFile; fileRef = AA4C3AD026B1C0D100D47CBA /* UIView+Extension.swift */; };
		AA4C3AD926B1CEA200D47CBA /* Cell.swift in Sources */ = {isa = PBXBuildFile; fileRef = AA4C3AD826B1CEA200D47CBA /* Cell.swift */; };
		AA4C3ADC26B1CEE200D47CBA /* HoursCollectionViewCell.swift in Sources */ = {isa = PBXBuildFile; fileRef = AA4C3ADB26B1CEE200D47CBA /* HoursCollectionViewCell.swift */; };
		AA4C3AF026B2C5C500D47CBA /* DayTableViewCell.swift in Sources */ = {isa = PBXBuildFile; fileRef = AA4C3AEF26B2C5C500D47CBA /* DayTableViewCell.swift */; };
		AA4C3AF626B2CB9200D47CBA /* WeatherInfoTableViewCell.swift in Sources */ = {isa = PBXBuildFile; fileRef = AA4C3AF526B2CB9200D47CBA /* WeatherInfoTableViewCell.swift */; };
		AA9C0C9D26AC6C0500200B6C /* AppDelegate.swift in Sources */ = {isa = PBXBuildFile; fileRef = AA9C0C9C26AC6C0500200B6C /* AppDelegate.swift */; };
		AA9C0C9F26AC6C0500200B6C /* SceneDelegate.swift in Sources */ = {isa = PBXBuildFile; fileRef = AA9C0C9E26AC6C0500200B6C /* SceneDelegate.swift */; };
		AA9C0CA126AC6C0500200B6C /* WeatherViewController.swift in Sources */ = {isa = PBXBuildFile; fileRef = AA9C0CA026AC6C0500200B6C /* WeatherViewController.swift */; };
		AA9C0CA626AC6C0D00200B6C /* Assets.xcassets in Resources */ = {isa = PBXBuildFile; fileRef = AA9C0CA526AC6C0D00200B6C /* Assets.xcassets */; };
		AA9C0CA926AC6C0D00200B6C /* LaunchScreen.storyboard in Resources */ = {isa = PBXBuildFile; fileRef = AA9C0CA726AC6C0D00200B6C /* LaunchScreen.storyboard */; };
		AA9C0CB826ADA37500200B6C /* Image.swift in Sources */ = {isa = PBXBuildFile; fileRef = AA9C0CB726ADA37500200B6C /* Image.swift */; };
		AA9C0CBC26ADA38200200B6C /* URL.swift in Sources */ = {isa = PBXBuildFile; fileRef = AA9C0CBB26ADA38200200B6C /* URL.swift */; };
		AA9C0CBF26ADA39600200B6C /* Const.swift in Sources */ = {isa = PBXBuildFile; fileRef = AA9C0CBE26ADA39600200B6C /* Const.swift */; };
		AA9C0CCA26ADB2E000200B6C /* ViewController.swift in Sources */ = {isa = PBXBuildFile; fileRef = AA9C0CC926ADB2E000200B6C /* ViewController.swift */; };
		BF8C586B94D136BABBCEDBDF /* Pods_Moother.framework in Frameworks */ = {isa = PBXBuildFile; fileRef = 4D7D988581B2B390B9D25109 /* Pods_Moother.framework */; };
/* End PBXBuildFile section */

/* Begin PBXFileReference section */
		40280E54F32EBCA842F3D0D2 /* Pods-Moother.release.xcconfig */ = {isa = PBXFileReference; includeInIndex = 1; lastKnownFileType = text.xcconfig; name = "Pods-Moother.release.xcconfig"; path = "Target Support Files/Pods-Moother/Pods-Moother.release.xcconfig"; sourceTree = "<group>"; };
		4D7D988581B2B390B9D25109 /* Pods_Moother.framework */ = {isa = PBXFileReference; explicitFileType = wrapper.framework; includeInIndex = 0; path = Pods_Moother.framework; sourceTree = BUILT_PRODUCTS_DIR; };
		AA13D2C126B3E305007D4D3D /* WeatherPageViewController.swift */ = {isa = PBXFileReference; lastKnownFileType = sourcecode.swift; path = WeatherPageViewController.swift; sourceTree = "<group>"; };
		AA1BE54A26BB0AAB00DCA876 /* HoursHeaderView.swift */ = {isa = PBXFileReference; lastKnownFileType = sourcecode.swift; path = HoursHeaderView.swift; sourceTree = "<group>"; };
		AA1BE54F26BB1FCD00DCA876 /* TodayWeatherTableViewCell.swift */ = {isa = PBXFileReference; lastKnownFileType = sourcecode.swift; path = TodayWeatherTableViewCell.swift; sourceTree = "<group>"; };
		AA1BE55326BB27EE00DCA876 /* SeparatorLineview.swift */ = {isa = PBXFileReference; lastKnownFileType = sourcecode.swift; path = SeparatorLineview.swift; sourceTree = "<group>"; };
		AA1BE55A26BB2A3B00DCA876 /* WeatherDetailInfoView.swift */ = {isa = PBXFileReference; lastKnownFileType = sourcecode.swift; path = WeatherDetailInfoView.swift; sourceTree = "<group>"; };
		AA1BE56126BB5CFF00DCA876 /* Color.xcassets */ = {isa = PBXFileReference; lastKnownFileType = folder.assetcatalog; path = Color.xcassets; sourceTree = "<group>"; };
		AA1BE56426BB5D9100DCA876 /* UIColor+Extension.swift */ = {isa = PBXFileReference; lastKnownFileType = sourcecode.swift; path = "UIColor+Extension.swift"; sourceTree = "<group>"; };
		AA1BE56A26BC0E0500DCA876 /* WeatherListViewController.swift */ = {isa = PBXFileReference; lastKnownFileType = sourcecode.swift; path = WeatherListViewController.swift; sourceTree = "<group>"; };
		AA1BE57226BC1ECC00DCA876 /* WeatherListTableViewCell.swift */ = {isa = PBXFileReference; lastKnownFileType = sourcecode.swift; path = WeatherListTableViewCell.swift; sourceTree = "<group>"; };
		AA1BE57626BC364400DCA876 /* WeatherListFooterView.swift */ = {isa = PBXFileReference; lastKnownFileType = sourcecode.swift; path = WeatherListFooterView.swift; sourceTree = "<group>"; };
		AA1BE57A26BC3FB400DCA876 /* LoctaionDelegate.swift */ = {isa = PBXFileReference; lastKnownFileType = sourcecode.swift; path = LoctaionDelegate.swift; sourceTree = "<group>"; };
		AA1BE58226BCC91C00DCA876 /* FooterButtonDelegate.swift */ = {isa = PBXFileReference; lastKnownFileType = sourcecode.swift; path = FooterButtonDelegate.swift; sourceTree = "<group>"; };
		AA1BE58726BD4E2400DCA876 /* SearchViewController.swift */ = {isa = PBXFileReference; lastKnownFileType = sourcecode.swift; path = SearchViewController.swift; sourceTree = "<group>"; };
		AA1BE58B26BD58B400DCA876 /* SearchResultTableViewCell.swift */ = {isa = PBXFileReference; lastKnownFileType = sourcecode.swift; path = SearchResultTableViewCell.swift; sourceTree = "<group>"; };
		AA4C3AD026B1C0D100D47CBA /* UIView+Extension.swift */ = {isa = PBXFileReference; lastKnownFileType = sourcecode.swift; path = "UIView+Extension.swift"; sourceTree = "<group>"; };
		AA4C3AD826B1CEA200D47CBA /* Cell.swift */ = {isa = PBXFileReference; lastKnownFileType = sourcecode.swift; path = Cell.swift; sourceTree = "<group>"; };
		AA4C3ADB26B1CEE200D47CBA /* HoursCollectionViewCell.swift */ = {isa = PBXFileReference; lastKnownFileType = sourcecode.swift; path = HoursCollectionViewCell.swift; sourceTree = "<group>"; };
		AA4C3AEF26B2C5C500D47CBA /* DayTableViewCell.swift */ = {isa = PBXFileReference; lastKnownFileType = sourcecode.swift; path = DayTableViewCell.swift; sourceTree = "<group>"; };
		AA4C3AF526B2CB9200D47CBA /* WeatherInfoTableViewCell.swift */ = {isa = PBXFileReference; lastKnownFileType = sourcecode.swift; path = WeatherInfoTableViewCell.swift; sourceTree = "<group>"; };
		AA9C0C9926AC6C0500200B6C /* Moother.app */ = {isa = PBXFileReference; explicitFileType = wrapper.application; includeInIndex = 0; path = Moother.app; sourceTree = BUILT_PRODUCTS_DIR; };
		AA9C0C9C26AC6C0500200B6C /* AppDelegate.swift */ = {isa = PBXFileReference; lastKnownFileType = sourcecode.swift; path = AppDelegate.swift; sourceTree = "<group>"; };
		AA9C0C9E26AC6C0500200B6C /* SceneDelegate.swift */ = {isa = PBXFileReference; lastKnownFileType = sourcecode.swift; path = SceneDelegate.swift; sourceTree = "<group>"; };
		AA9C0CA026AC6C0500200B6C /* WeatherViewController.swift */ = {isa = PBXFileReference; lastKnownFileType = sourcecode.swift; path = WeatherViewController.swift; sourceTree = "<group>"; };
		AA9C0CA526AC6C0D00200B6C /* Assets.xcassets */ = {isa = PBXFileReference; lastKnownFileType = folder.assetcatalog; path = Assets.xcassets; sourceTree = "<group>"; };
		AA9C0CA826AC6C0D00200B6C /* Base */ = {isa = PBXFileReference; lastKnownFileType = file.storyboard; name = Base; path = Base.lproj/LaunchScreen.storyboard; sourceTree = "<group>"; };
		AA9C0CAA26AC6C0D00200B6C /* Info.plist */ = {isa = PBXFileReference; lastKnownFileType = text.plist.xml; path = Info.plist; sourceTree = "<group>"; };
		AA9C0CB726ADA37500200B6C /* Image.swift */ = {isa = PBXFileReference; lastKnownFileType = sourcecode.swift; path = Image.swift; sourceTree = "<group>"; };
		AA9C0CBB26ADA38200200B6C /* URL.swift */ = {isa = PBXFileReference; lastKnownFileType = sourcecode.swift; path = URL.swift; sourceTree = "<group>"; };
		AA9C0CBE26ADA39600200B6C /* Const.swift */ = {isa = PBXFileReference; lastKnownFileType = sourcecode.swift; path = Const.swift; sourceTree = "<group>"; };
		AA9C0CC926ADB2E000200B6C /* ViewController.swift */ = {isa = PBXFileReference; lastKnownFileType = sourcecode.swift; path = ViewController.swift; sourceTree = "<group>"; };
		FED130E0E89B808F01D03FB4 /* Pods-Moother.debug.xcconfig */ = {isa = PBXFileReference; includeInIndex = 1; lastKnownFileType = text.xcconfig; name = "Pods-Moother.debug.xcconfig"; path = "Target Support Files/Pods-Moother/Pods-Moother.debug.xcconfig"; sourceTree = "<group>"; };
/* End PBXFileReference section */

/* Begin PBXFrameworksBuildPhase section */
		AA9C0C9626AC6C0500200B6C /* Frameworks */ = {
			isa = PBXFrameworksBuildPhase;
			buildActionMask = 2147483647;
			files = (
				BF8C586B94D136BABBCEDBDF /* Pods_Moother.framework in Frameworks */,
			);
			runOnlyForDeploymentPostprocessing = 0;
		};
/* End PBXFrameworksBuildPhase section */

/* Begin PBXGroup section */
		787B77740302E442E15CF394 /* Frameworks */ = {
			isa = PBXGroup;
			children = (
				4D7D988581B2B390B9D25109 /* Pods_Moother.framework */,
			);
			name = Frameworks;
			sourceTree = "<group>";
		};
		AA1BE57926BC3F5500DCA876 /* Delegates */ = {
			isa = PBXGroup;
			children = (
				AA1BE57A26BC3FB400DCA876 /* LoctaionDelegate.swift */,
				AA1BE58226BCC91C00DCA876 /* FooterButtonDelegate.swift */,
			);
			path = Delegates;
			sourceTree = "<group>";
		};
		AA4C3ACF26B1C0A800D47CBA /* Extensions */ = {
			isa = PBXGroup;
			children = (
				AA4C3AD026B1C0D100D47CBA /* UIView+Extension.swift */,
				AA1BE56426BB5D9100DCA876 /* UIColor+Extension.swift */,
			);
			path = Extensions;
			sourceTree = "<group>";
		};
		AA4C3AD426B1C86E00D47CBA /* Cells */ = {
			isa = PBXGroup;
			children = (
				AA4C3ADB26B1CEE200D47CBA /* HoursCollectionViewCell.swift */,
				AA4C3AEF26B2C5C500D47CBA /* DayTableViewCell.swift */,
				AA4C3AF526B2CB9200D47CBA /* WeatherInfoTableViewCell.swift */,
				AA1BE54F26BB1FCD00DCA876 /* TodayWeatherTableViewCell.swift */,
				AA1BE57226BC1ECC00DCA876 /* WeatherListTableViewCell.swift */,
				AA1BE58B26BD58B400DCA876 /* SearchResultTableViewCell.swift */,
			);
			path = Cells;
			sourceTree = "<group>";
		};
		AA4C3AED26B1F60600D47CBA /* Views */ = {
			isa = PBXGroup;
			children = (
				AA1BE54A26BB0AAB00DCA876 /* HoursHeaderView.swift */,
				AA1BE57626BC364400DCA876 /* WeatherListFooterView.swift */,
				AA1BE55326BB27EE00DCA876 /* SeparatorLineview.swift */,
				AA1BE55A26BB2A3B00DCA876 /* WeatherDetailInfoView.swift */,
			);
			path = Views;
			sourceTree = "<group>";
		};
		AA9C0C9026AC6C0500200B6C = {
			isa = PBXGroup;
			children = (
				AA9C0C9B26AC6C0500200B6C /* Moother */,
				AA9C0C9A26AC6C0500200B6C /* Products */,
				CFAEBA95884ABBBE2F2F65DB /* Pods */,
				787B77740302E442E15CF394 /* Frameworks */,
			);
			sourceTree = "<group>";
		};
		AA9C0C9A26AC6C0500200B6C /* Products */ = {
			isa = PBXGroup;
			children = (
				AA9C0C9926AC6C0500200B6C /* Moother.app */,
			);
			name = Products;
			sourceTree = "<group>";
		};
		AA9C0C9B26AC6C0500200B6C /* Moother */ = {
			isa = PBXGroup;
			children = (
				AA9C0CB326AC91E500200B6C /* Resource */,
				AA9C0CB226AC91DE00200B6C /* Source */,
			);
			path = Moother;
			sourceTree = "<group>";
		};
		AA9C0CB226AC91DE00200B6C /* Source */ = {
			isa = PBXGroup;
			children = (
				AA1BE57926BC3F5500DCA876 /* Delegates */,
				AA4C3AED26B1F60600D47CBA /* Views */,
				AA4C3AD426B1C86E00D47CBA /* Cells */,
				AA4C3ACF26B1C0A800D47CBA /* Extensions */,
				AA9C0CC126ADA3A700200B6C /* ViewControllers */,
				AA9C0C9C26AC6C0500200B6C /* AppDelegate.swift */,
				AA9C0C9E26AC6C0500200B6C /* SceneDelegate.swift */,
			);
			path = Source;
			sourceTree = "<group>";
		};
		AA9C0CB326AC91E500200B6C /* Resource */ = {
			isa = PBXGroup;
			children = (
				AA9C0CB626ADA36200200B6C /* Constants */,
				AA9C0CA526AC6C0D00200B6C /* Assets.xcassets */,
				AA9C0CA726AC6C0D00200B6C /* LaunchScreen.storyboard */,
				AA9C0CAA26AC6C0D00200B6C /* Info.plist */,
				AA1BE56126BB5CFF00DCA876 /* Color.xcassets */,
			);
			path = Resource;
			sourceTree = "<group>";
		};
		AA9C0CB626ADA36200200B6C /* Constants */ = {
			isa = PBXGroup;
			children = (
				AA9C0CB726ADA37500200B6C /* Image.swift */,
				AA9C0CBB26ADA38200200B6C /* URL.swift */,
				AA9C0CBE26ADA39600200B6C /* Const.swift */,
				AA9C0CC926ADB2E000200B6C /* ViewController.swift */,
				AA4C3AD826B1CEA200D47CBA /* Cell.swift */,
			);
			path = Constants;
			sourceTree = "<group>";
		};
		AA9C0CC126ADA3A700200B6C /* ViewControllers */ = {
			isa = PBXGroup;
			children = (
				AA9C0CA026AC6C0500200B6C /* WeatherViewController.swift */,
				AA13D2C126B3E305007D4D3D /* WeatherPageViewController.swift */,
				AA1BE56A26BC0E0500DCA876 /* WeatherListViewController.swift */,
				AA1BE58726BD4E2400DCA876 /* SearchViewController.swift */,
			);
			path = ViewControllers;
			sourceTree = "<group>";
		};
		CFAEBA95884ABBBE2F2F65DB /* Pods */ = {
			isa = PBXGroup;
			children = (
				FED130E0E89B808F01D03FB4 /* Pods-Moother.debug.xcconfig */,
				40280E54F32EBCA842F3D0D2 /* Pods-Moother.release.xcconfig */,
			);
			path = Pods;
			sourceTree = "<group>";
		};
/* End PBXGroup section */

/* Begin PBXNativeTarget section */
		AA9C0C9826AC6C0500200B6C /* Moother */ = {
			isa = PBXNativeTarget;
			buildConfigurationList = AA9C0CAD26AC6C0D00200B6C /* Build configuration list for PBXNativeTarget "Moother" */;
			buildPhases = (
				82C9D905FD796DCC6299D08D /* [CP] Check Pods Manifest.lock */,
				AA9C0C9526AC6C0500200B6C /* Sources */,
				AA9C0C9626AC6C0500200B6C /* Frameworks */,
				AA9C0C9726AC6C0500200B6C /* Resources */,
				82FBD1899399859D3B23D869 /* [CP] Embed Pods Frameworks */,
			);
			buildRules = (
			);
			dependencies = (
			);
			name = Moother;
			productName = Moother;
			productReference = AA9C0C9926AC6C0500200B6C /* Moother.app */;
			productType = "com.apple.product-type.application";
		};
/* End PBXNativeTarget section */

/* Begin PBXProject section */
		AA9C0C9126AC6C0500200B6C /* Project object */ = {
			isa = PBXProject;
			attributes = {
				LastSwiftUpdateCheck = 1240;
				LastUpgradeCheck = 1240;
				TargetAttributes = {
					AA9C0C9826AC6C0500200B6C = {
						CreatedOnToolsVersion = 12.4;
					};
				};
			};
			buildConfigurationList = AA9C0C9426AC6C0500200B6C /* Build configuration list for PBXProject "Moother" */;
			compatibilityVersion = "Xcode 9.3";
			developmentRegion = en;
			hasScannedForEncodings = 0;
			knownRegions = (
				en,
				Base,
			);
			mainGroup = AA9C0C9026AC6C0500200B6C;
			productRefGroup = AA9C0C9A26AC6C0500200B6C /* Products */;
			projectDirPath = "";
			projectRoot = "";
			targets = (
				AA9C0C9826AC6C0500200B6C /* Moother */,
			);
		};
/* End PBXProject section */

/* Begin PBXResourcesBuildPhase section */
		AA9C0C9726AC6C0500200B6C /* Resources */ = {
			isa = PBXResourcesBuildPhase;
			buildActionMask = 2147483647;
			files = (
				AA9C0CA926AC6C0D00200B6C /* LaunchScreen.storyboard in Resources */,
				AA9C0CA626AC6C0D00200B6C /* Assets.xcassets in Resources */,
				AA1BE56226BB5CFF00DCA876 /* Color.xcassets in Resources */,
			);
			runOnlyForDeploymentPostprocessing = 0;
		};
/* End PBXResourcesBuildPhase section */

/* Begin PBXShellScriptBuildPhase section */
		82C9D905FD796DCC6299D08D /* [CP] Check Pods Manifest.lock */ = {
			isa = PBXShellScriptBuildPhase;
			buildActionMask = 2147483647;
			files = (
			);
			inputFileListPaths = (
			);
			inputPaths = (
				"${PODS_PODFILE_DIR_PATH}/Podfile.lock",
				"${PODS_ROOT}/Manifest.lock",
			);
			name = "[CP] Check Pods Manifest.lock";
			outputFileListPaths = (
			);
			outputPaths = (
				"$(DERIVED_FILE_DIR)/Pods-Moother-checkManifestLockResult.txt",
			);
			runOnlyForDeploymentPostprocessing = 0;
			shellPath = /bin/sh;
			shellScript = "diff \"${PODS_PODFILE_DIR_PATH}/Podfile.lock\" \"${PODS_ROOT}/Manifest.lock\" > /dev/null\nif [ $? != 0 ] ; then\n    # print error to STDERR\n    echo \"error: The sandbox is not in sync with the Podfile.lock. Run 'pod install' or update your CocoaPods installation.\" >&2\n    exit 1\nfi\n# This output is used by Xcode 'outputs' to avoid re-running this script phase.\necho \"SUCCESS\" > \"${SCRIPT_OUTPUT_FILE_0}\"\n";
			showEnvVarsInLog = 0;
		};
		82FBD1899399859D3B23D869 /* [CP] Embed Pods Frameworks */ = {
			isa = PBXShellScriptBuildPhase;
			buildActionMask = 2147483647;
			files = (
			);
			inputFileListPaths = (
				"${PODS_ROOT}/Target Support Files/Pods-Moother/Pods-Moother-frameworks-${CONFIGURATION}-input-files.xcfilelist",
			);
			name = "[CP] Embed Pods Frameworks";
			outputFileListPaths = (
				"${PODS_ROOT}/Target Support Files/Pods-Moother/Pods-Moother-frameworks-${CONFIGURATION}-output-files.xcfilelist",
			);
			runOnlyForDeploymentPostprocessing = 0;
			shellPath = /bin/sh;
			shellScript = "\"${PODS_ROOT}/Target Support Files/Pods-Moother/Pods-Moother-frameworks.sh\"\n";
			showEnvVarsInLog = 0;
		};
/* End PBXShellScriptBuildPhase section */

/* Begin PBXSourcesBuildPhase section */
		AA9C0C9526AC6C0500200B6C /* Sources */ = {
			isa = PBXSourcesBuildPhase;
			buildActionMask = 2147483647;
			files = (
				AA4C3ADC26B1CEE200D47CBA /* HoursCollectionViewCell.swift in Sources */,
				AA1BE56526BB5D9100DCA876 /* UIColor+Extension.swift in Sources */,
				AA1BE54B26BB0AAB00DCA876 /* HoursHeaderView.swift in Sources */,
				AA9C0CBC26ADA38200200B6C /* URL.swift in Sources */,
				AA9C0CA126AC6C0500200B6C /* WeatherViewController.swift in Sources */,
				AA1BE56B26BC0E0500DCA876 /* WeatherListViewController.swift in Sources */,
				AA1BE58C26BD58B400DCA876 /* SearchResultTableViewCell.swift in Sources */,
				AA1BE55426BB27EE00DCA876 /* SeparatorLineview.swift in Sources */,
				AA1BE58326BCC91C00DCA876 /* FooterButtonDelegate.swift in Sources */,
				AA9C0CB826ADA37500200B6C /* Image.swift in Sources */,
				AA1BE57326BC1ECC00DCA876 /* WeatherListTableViewCell.swift in Sources */,
				AA13D2C226B3E305007D4D3D /* WeatherPageViewController.swift in Sources */,
				AA4C3AF626B2CB9200D47CBA /* WeatherInfoTableViewCell.swift in Sources */,
				AA1BE57726BC364400DCA876 /* WeatherListFooterView.swift in Sources */,
				AA4C3AD126B1C0D100D47CBA /* UIView+Extension.swift in Sources */,
				AA1BE57B26BC3FB400DCA876 /* LoctaionDelegate.swift in Sources */,
				AA1BE55026BB1FCD00DCA876 /* TodayWeatherTableViewCell.swift in Sources */,
				AA9C0C9D26AC6C0500200B6C /* AppDelegate.swift in Sources */,
				AA9C0CCA26ADB2E000200B6C /* ViewController.swift in Sources */,
				AA1BE58826BD4E2400DCA876 /* SearchViewController.swift in Sources */,
				AA1BE55B26BB2A3B00DCA876 /* WeatherDetailInfoView.swift in Sources */,
				AA9C0C9F26AC6C0500200B6C /* SceneDelegate.swift in Sources */,
				AA4C3AD926B1CEA200D47CBA /* Cell.swift in Sources */,
				AA4C3AF026B2C5C500D47CBA /* DayTableViewCell.swift in Sources */,
				AA9C0CBF26ADA39600200B6C /* Const.swift in Sources */,
			);
			runOnlyForDeploymentPostprocessing = 0;
		};
/* End PBXSourcesBuildPhase section */

/* Begin PBXVariantGroup section */
		AA9C0CA726AC6C0D00200B6C /* LaunchScreen.storyboard */ = {
			isa = PBXVariantGroup;
			children = (
				AA9C0CA826AC6C0D00200B6C /* Base */,
			);
			name = LaunchScreen.storyboard;
			sourceTree = "<group>";
		};
/* End PBXVariantGroup section */

/* Begin XCBuildConfiguration section */
		AA9C0CAB26AC6C0D00200B6C /* Debug */ = {
			isa = XCBuildConfiguration;
			buildSettings = {
				ALWAYS_SEARCH_USER_PATHS = NO;
				CLANG_ANALYZER_NONNULL = YES;
				CLANG_ANALYZER_NUMBER_OBJECT_CONVERSION = YES_AGGRESSIVE;
				CLANG_CXX_LANGUAGE_STANDARD = "gnu++14";
				CLANG_CXX_LIBRARY = "libc++";
				CLANG_ENABLE_MODULES = YES;
				CLANG_ENABLE_OBJC_ARC = YES;
				CLANG_ENABLE_OBJC_WEAK = YES;
				CLANG_WARN_BLOCK_CAPTURE_AUTORELEASING = YES;
				CLANG_WARN_BOOL_CONVERSION = YES;
				CLANG_WARN_COMMA = YES;
				CLANG_WARN_CONSTANT_CONVERSION = YES;
				CLANG_WARN_DEPRECATED_OBJC_IMPLEMENTATIONS = YES;
				CLANG_WARN_DIRECT_OBJC_ISA_USAGE = YES_ERROR;
				CLANG_WARN_DOCUMENTATION_COMMENTS = YES;
				CLANG_WARN_EMPTY_BODY = YES;
				CLANG_WARN_ENUM_CONVERSION = YES;
				CLANG_WARN_INFINITE_RECURSION = YES;
				CLANG_WARN_INT_CONVERSION = YES;
				CLANG_WARN_NON_LITERAL_NULL_CONVERSION = YES;
				CLANG_WARN_OBJC_IMPLICIT_RETAIN_SELF = YES;
				CLANG_WARN_OBJC_LITERAL_CONVERSION = YES;
				CLANG_WARN_OBJC_ROOT_CLASS = YES_ERROR;
				CLANG_WARN_QUOTED_INCLUDE_IN_FRAMEWORK_HEADER = YES;
				CLANG_WARN_RANGE_LOOP_ANALYSIS = YES;
				CLANG_WARN_STRICT_PROTOTYPES = YES;
				CLANG_WARN_SUSPICIOUS_MOVE = YES;
				CLANG_WARN_UNGUARDED_AVAILABILITY = YES_AGGRESSIVE;
				CLANG_WARN_UNREACHABLE_CODE = YES;
				CLANG_WARN__DUPLICATE_METHOD_MATCH = YES;
				COPY_PHASE_STRIP = NO;
				DEBUG_INFORMATION_FORMAT = dwarf;
				ENABLE_STRICT_OBJC_MSGSEND = YES;
				ENABLE_TESTABILITY = YES;
				GCC_C_LANGUAGE_STANDARD = gnu11;
				GCC_DYNAMIC_NO_PIC = NO;
				GCC_NO_COMMON_BLOCKS = YES;
				GCC_OPTIMIZATION_LEVEL = 0;
				GCC_PREPROCESSOR_DEFINITIONS = (
					"DEBUG=1",
					"$(inherited)",
				);
				GCC_WARN_64_TO_32_BIT_CONVERSION = YES;
				GCC_WARN_ABOUT_RETURN_TYPE = YES_ERROR;
				GCC_WARN_UNDECLARED_SELECTOR = YES;
				GCC_WARN_UNINITIALIZED_AUTOS = YES_AGGRESSIVE;
				GCC_WARN_UNUSED_FUNCTION = YES;
				GCC_WARN_UNUSED_VARIABLE = YES;
				IPHONEOS_DEPLOYMENT_TARGET = 14.4;
				MTL_ENABLE_DEBUG_INFO = INCLUDE_SOURCE;
				MTL_FAST_MATH = YES;
				ONLY_ACTIVE_ARCH = YES;
				SDKROOT = iphoneos;
				SWIFT_ACTIVE_COMPILATION_CONDITIONS = DEBUG;
				SWIFT_OPTIMIZATION_LEVEL = "-Onone";
			};
			name = Debug;
		};
		AA9C0CAC26AC6C0D00200B6C /* Release */ = {
			isa = XCBuildConfiguration;
			buildSettings = {
				ALWAYS_SEARCH_USER_PATHS = NO;
				CLANG_ANALYZER_NONNULL = YES;
				CLANG_ANALYZER_NUMBER_OBJECT_CONVERSION = YES_AGGRESSIVE;
				CLANG_CXX_LANGUAGE_STANDARD = "gnu++14";
				CLANG_CXX_LIBRARY = "libc++";
				CLANG_ENABLE_MODULES = YES;
				CLANG_ENABLE_OBJC_ARC = YES;
				CLANG_ENABLE_OBJC_WEAK = YES;
				CLANG_WARN_BLOCK_CAPTURE_AUTORELEASING = YES;
				CLANG_WARN_BOOL_CONVERSION = YES;
				CLANG_WARN_COMMA = YES;
				CLANG_WARN_CONSTANT_CONVERSION = YES;
				CLANG_WARN_DEPRECATED_OBJC_IMPLEMENTATIONS = YES;
				CLANG_WARN_DIRECT_OBJC_ISA_USAGE = YES_ERROR;
				CLANG_WARN_DOCUMENTATION_COMMENTS = YES;
				CLANG_WARN_EMPTY_BODY = YES;
				CLANG_WARN_ENUM_CONVERSION = YES;
				CLANG_WARN_INFINITE_RECURSION = YES;
				CLANG_WARN_INT_CONVERSION = YES;
				CLANG_WARN_NON_LITERAL_NULL_CONVERSION = YES;
				CLANG_WARN_OBJC_IMPLICIT_RETAIN_SELF = YES;
				CLANG_WARN_OBJC_LITERAL_CONVERSION = YES;
				CLANG_WARN_OBJC_ROOT_CLASS = YES_ERROR;
				CLANG_WARN_QUOTED_INCLUDE_IN_FRAMEWORK_HEADER = YES;
				CLANG_WARN_RANGE_LOOP_ANALYSIS = YES;
				CLANG_WARN_STRICT_PROTOTYPES = YES;
				CLANG_WARN_SUSPICIOUS_MOVE = YES;
				CLANG_WARN_UNGUARDED_AVAILABILITY = YES_AGGRESSIVE;
				CLANG_WARN_UNREACHABLE_CODE = YES;
				CLANG_WARN__DUPLICATE_METHOD_MATCH = YES;
				COPY_PHASE_STRIP = NO;
				DEBUG_INFORMATION_FORMAT = "dwarf-with-dsym";
				ENABLE_NS_ASSERTIONS = NO;
				ENABLE_STRICT_OBJC_MSGSEND = YES;
				GCC_C_LANGUAGE_STANDARD = gnu11;
				GCC_NO_COMMON_BLOCKS = YES;
				GCC_WARN_64_TO_32_BIT_CONVERSION = YES;
				GCC_WARN_ABOUT_RETURN_TYPE = YES_ERROR;
				GCC_WARN_UNDECLARED_SELECTOR = YES;
				GCC_WARN_UNINITIALIZED_AUTOS = YES_AGGRESSIVE;
				GCC_WARN_UNUSED_FUNCTION = YES;
				GCC_WARN_UNUSED_VARIABLE = YES;
				IPHONEOS_DEPLOYMENT_TARGET = 14.4;
				MTL_ENABLE_DEBUG_INFO = NO;
				MTL_FAST_MATH = YES;
				SDKROOT = iphoneos;
				SWIFT_COMPILATION_MODE = wholemodule;
				SWIFT_OPTIMIZATION_LEVEL = "-O";
				VALIDATE_PRODUCT = YES;
			};
			name = Release;
		};
		AA9C0CAE26AC6C0D00200B6C /* Debug */ = {
			isa = XCBuildConfiguration;
			baseConfigurationReference = FED130E0E89B808F01D03FB4 /* Pods-Moother.debug.xcconfig */;
			buildSettings = {
				ASSETCATALOG_COMPILER_APPICON_NAME = AppIcon;
				ASSETCATALOG_COMPILER_GLOBAL_ACCENT_COLOR_NAME = AccentColor;
				CODE_SIGN_STYLE = Automatic;
				DEVELOPMENT_TEAM = 52RL92ZJC4;
				INFOPLIST_FILE = "$(SRCROOT)/Moother/Resource/Info.plist";
				LD_RUNPATH_SEARCH_PATHS = (
					"$(inherited)",
					"@executable_path/Frameworks",
				);
				PRODUCT_BUNDLE_IDENTIFIER = com.Moother;
				PRODUCT_NAME = "$(TARGET_NAME)";
				SWIFT_VERSION = 5.0;
				TARGETED_DEVICE_FAMILY = "1,2";
			};
			name = Debug;
		};
		AA9C0CAF26AC6C0D00200B6C /* Release */ = {
			isa = XCBuildConfiguration;
			baseConfigurationReference = 40280E54F32EBCA842F3D0D2 /* Pods-Moother.release.xcconfig */;
			buildSettings = {
				ASSETCATALOG_COMPILER_APPICON_NAME = AppIcon;
				ASSETCATALOG_COMPILER_GLOBAL_ACCENT_COLOR_NAME = AccentColor;
				CODE_SIGN_STYLE = Automatic;
				DEVELOPMENT_TEAM = 52RL92ZJC4;
				INFOPLIST_FILE = "$(SRCROOT)/Moother/Resource/Info.plist";
				LD_RUNPATH_SEARCH_PATHS = (
					"$(inherited)",
					"@executable_path/Frameworks",
				);
				PRODUCT_BUNDLE_IDENTIFIER = com.Moother;
				PRODUCT_NAME = "$(TARGET_NAME)";
				SWIFT_VERSION = 5.0;
				TARGETED_DEVICE_FAMILY = "1,2";
			};
			name = Release;
		};
/* End XCBuildConfiguration section */

/* Begin XCConfigurationList section */
		AA9C0C9426AC6C0500200B6C /* Build configuration list for PBXProject "Moother" */ = {
			isa = XCConfigurationList;
			buildConfigurations = (
				AA9C0CAB26AC6C0D00200B6C /* Debug */,
				AA9C0CAC26AC6C0D00200B6C /* Release */,
			);
			defaultConfigurationIsVisible = 0;
			defaultConfigurationName = Release;
		};
		AA9C0CAD26AC6C0D00200B6C /* Build configuration list for PBXNativeTarget "Moother" */ = {
			isa = XCConfigurationList;
			buildConfigurations = (
				AA9C0CAE26AC6C0D00200B6C /* Debug */,
				AA9C0CAF26AC6C0D00200B6C /* Release */,
			);
			defaultConfigurationIsVisible = 0;
			defaultConfigurationName = Release;
		};
/* End XCConfigurationList section */
	};
	rootObject = AA9C0C9126AC6C0500200B6C /* Project object */;
}
