PODS:
  - SnapKit (5.0.1)
  - SwiftLint (0.43.1)
  - Then (2.7.0)

DEPENDENCIES:
  - SnapKit
  - SwiftLint
  - Then

SPEC REPOS:
  trunk:
    - SnapKit
    - SwiftLint
    - Then

SPEC CHECKSUMS:
  SnapKit: 97b92857e3df3a0c71833cce143274bf6ef8e5eb
  SwiftLint: 99f82d07b837b942dd563c668de129a03fc3fb52
  Then: acfe0be7e98221c6204e12f8161459606d5d822d

PODFILE CHECKSUM: 3f5c2eea8a060b0af0c2722f7ba311ceb9331195

COCOAPODS: 1.10.1
